// !$*UTF8*$!
{
	archiveVersion = 1;
	classes = {
	};
	objectVersion = 50;
	objects = {

/* Begin PBXBuildFile section */
		BA09D06A28A4B85F00E698D6 /* LoginVc.swift in Sources */ = {isa = PBXBuildFile; fileRef = BA09D06928A4B85F00E698D6 /* LoginVc.swift */; };
		BA11FC0A28A37BD40042C192 /* ProductImgCell.swift in Sources */ = {isa = PBXBuildFile; fileRef = BA11FC0928A37BD40042C192 /* ProductImgCell.swift */; };
		BA11FC0C28A37C0B0042C192 /* AddProdcutVc.swift in Sources */ = {isa = PBXBuildFile; fileRef = BA11FC0B28A37C0B0042C192 /* AddProdcutVc.swift */; };
		BADAA86C28A4A56500ACF61A /* UiView+borderRadius.swift in Sources */ = {isa = PBXBuildFile; fileRef = BADAA86B28A4A56500ACF61A /* UiView+borderRadius.swift */; };
		BAFBCE3D28A20BB1008F8E19 /* AppDelegate.swift in Sources */ = {isa = PBXBuildFile; fileRef = BAFBCE3C28A20BB1008F8E19 /* AppDelegate.swift */; };
		BAFBCE3F28A20BB1008F8E19 /* SceneDelegate.swift in Sources */ = {isa = PBXBuildFile; fileRef = BAFBCE3E28A20BB1008F8E19 /* SceneDelegate.swift */; };
		BAFBCE4128A20BB1008F8E19 /* ViewController.swift in Sources */ = {isa = PBXBuildFile; fileRef = BAFBCE4028A20BB1008F8E19 /* ViewController.swift */; };
		BAFBCE4428A20BB1008F8E19 /* Main.storyboard in Resources */ = {isa = PBXBuildFile; fileRef = BAFBCE4228A20BB1008F8E19 /* Main.storyboard */; };
		BAFBCE4628A20BB2008F8E19 /* Assets.xcassets in Resources */ = {isa = PBXBuildFile; fileRef = BAFBCE4528A20BB2008F8E19 /* Assets.xcassets */; };
		BAFBCE4928A20BB2008F8E19 /* LaunchScreen.storyboard in Resources */ = {isa = PBXBuildFile; fileRef = BAFBCE4728A20BB2008F8E19 /* LaunchScreen.storyboard */; };
/* End PBXBuildFile section */

/* Begin PBXFileReference section */
		BA09D06928A4B85F00E698D6 /* LoginVc.swift */ = {isa = PBXFileReference; lastKnownFileType = sourcecode.swift; path = LoginVc.swift; sourceTree = "<group>"; };
		BA11FC0928A37BD40042C192 /* ProductImgCell.swift */ = {isa = PBXFileReference; lastKnownFileType = sourcecode.swift; path = ProductImgCell.swift; sourceTree = "<group>"; };
		BA11FC0B28A37C0B0042C192 /* AddProdcutVc.swift */ = {isa = PBXFileReference; lastKnownFileType = sourcecode.swift; path = AddProdcutVc.swift; sourceTree = "<group>"; };
		BADAA86B28A4A56500ACF61A /* UiView+borderRadius.swift */ = {isa = PBXFileReference; lastKnownFileType = sourcecode.swift; path = "UiView+borderRadius.swift"; sourceTree = "<group>"; };
		BAFBCE3928A20BB1008F8E19 /* adam.ai.app */ = {isa = PBXFileReference; explicitFileType = wrapper.application; includeInIndex = 0; path = adam.ai.app; sourceTree = BUILT_PRODUCTS_DIR; };
		BAFBCE3C28A20BB1008F8E19 /* AppDelegate.swift */ = {isa = PBXFileReference; lastKnownFileType = sourcecode.swift; path = AppDelegate.swift; sourceTree = "<group>"; };
		BAFBCE3E28A20BB1008F8E19 /* SceneDelegate.swift */ = {isa = PBXFileReference; lastKnownFileType = sourcecode.swift; path = SceneDelegate.swift; sourceTree = "<group>"; };
		BAFBCE4028A20BB1008F8E19 /* ViewController.swift */ = {isa = PBXFileReference; lastKnownFileType = sourcecode.swift; path = ViewController.swift; sourceTree = "<group>"; };
		BAFBCE4328A20BB1008F8E19 /* Base */ = {isa = PBXFileReference; lastKnownFileType = file.storyboard; name = Base; path = Base.lproj/Main.storyboard; sourceTree = "<group>"; };
		BAFBCE4528A20BB2008F8E19 /* Assets.xcassets */ = {isa = PBXFileReference; lastKnownFileType = folder.assetcatalog; path = Assets.xcassets; sourceTree = "<group>"; };
		BAFBCE4828A20BB2008F8E19 /* Base */ = {isa = PBXFileReference; lastKnownFileType = file.storyboard; name = Base; path = Base.lproj/LaunchScreen.storyboard; sourceTree = "<group>"; };
		BAFBCE4A28A20BB2008F8E19 /* Info.plist */ = {isa = PBXFileReference; lastKnownFileType = text.plist.xml; path = Info.plist; sourceTree = "<group>"; };
/* End PBXFileReference section */

/* Begin PBXFrameworksBuildPhase section */
		BAFBCE3628A20BB1008F8E19 /* Frameworks */ = {
			isa = PBXFrameworksBuildPhase;
			buildActionMask = 2147483647;
			files = (
			);
			runOnlyForDeploymentPostprocessing = 0;
		};
/* End PBXFrameworksBuildPhase section */

/* Begin PBXGroup section */
		BAFBCE3028A20BB1008F8E19 = {
			isa = PBXGroup;
			children = (
				BAFBCE3B28A20BB1008F8E19 /* adam.ai */,
				BAFBCE3A28A20BB1008F8E19 /* Products */,
			);
			sourceTree = "<group>";
		};
		BAFBCE3A28A20BB1008F8E19 /* Products */ = {
			isa = PBXGroup;
			children = (
				BAFBCE3928A20BB1008F8E19 /* adam.ai.app */,
			);
			name = Products;
			sourceTree = "<group>";
		};
		BAFBCE3B28A20BB1008F8E19 /* adam.ai */ = {
			isa = PBXGroup;
			children = (
				BAFBCE3C28A20BB1008F8E19 /* AppDelegate.swift */,
				BAFBCE3E28A20BB1008F8E19 /* SceneDelegate.swift */,
				BAFBCE4028A20BB1008F8E19 /* ViewController.swift */,
				BAFBCE4228A20BB1008F8E19 /* Main.storyboard */,
				BAFBCE4528A20BB2008F8E19 /* Assets.xcassets */,
				BAFBCE4728A20BB2008F8E19 /* LaunchScreen.storyboard */,
				BAFBCE4A28A20BB2008F8E19 /* Info.plist */,
				BA11FC0928A37BD40042C192 /* ProductImgCell.swift */,
				BA11FC0B28A37C0B0042C192 /* AddProdcutVc.swift */,
				BADAA86B28A4A56500ACF61A /* UiView+borderRadius.swift */,
				BA09D06928A4B85F00E698D6 /* LoginVc.swift */,
			);
			path = adam.ai;
			sourceTree = "<group>";
		};
/* End PBXGroup section */

/* Begin PBXNativeTarget section */
		BAFBCE3828A20BB1008F8E19 /* adam.ai */ = {
			isa = PBXNativeTarget;
			buildConfigurationList = BAFBCE4D28A20BB2008F8E19 /* Build configuration list for PBXNativeTarget "adam.ai" */;
			buildPhases = (
				BAFBCE3528A20BB1008F8E19 /* Sources */,
				BAFBCE3628A20BB1008F8E19 /* Frameworks */,
				BAFBCE3728A20BB1008F8E19 /* Resources */,
			);
			buildRules = (
			);
			dependencies = (
			);
			name = adam.ai;
			productName = adam.ai;
			productReference = BAFBCE3928A20BB1008F8E19 /* adam.ai.app */;
			productType = "com.apple.product-type.application";
		};
/* End PBXNativeTarget section */

/* Begin PBXProject section */
		BAFBCE3128A20BB1008F8E19 /* Project object */ = {
			isa = PBXProject;
			attributes = {
				LastSwiftUpdateCheck = 1250;
				LastUpgradeCheck = 1250;
				TargetAttributes = {
					BAFBCE3828A20BB1008F8E19 = {
						CreatedOnToolsVersion = 12.5.1;
					};
				};
			};
			buildConfigurationList = BAFBCE3428A20BB1008F8E19 /* Build configuration list for PBXProject "adam.ai" */;
			compatibilityVersion = "Xcode 9.3";
			developmentRegion = en;
			hasScannedForEncodings = 0;
			knownRegions = (
				en,
				Base,
			);
			mainGroup = BAFBCE3028A20BB1008F8E19;
			productRefGroup = BAFBCE3A28A20BB1008F8E19 /* Products */;
			projectDirPath = "";
			projectRoot = "";
			targets = (
				BAFBCE3828A20BB1008F8E19 /* adam.ai */,
			);
		};
/* End PBXProject section */

/* Begin PBXResourcesBuildPhase section */
		BAFBCE3728A20BB1008F8E19 /* Resources */ = {
			isa = PBXResourcesBuildPhase;
			buildActionMask = 2147483647;
			files = (
				BAFBCE4928A20BB2008F8E19 /* LaunchScreen.storyboard in Resources */,
				BAFBCE4628A20BB2008F8E19 /* Assets.xcassets in Resources */,
				BAFBCE4428A20BB1008F8E19 /* Main.storyboard in Resources */,
			);
			runOnlyForDeploymentPostprocessing = 0;
		};
/* End PBXResourcesBuildPhase section */

/* Begin PBXSourcesBuildPhase section */
		BAFBCE3528A20BB1008F8E19 /* Sources */ = {
			isa = PBXSourcesBuildPhase;
			buildActionMask = 2147483647;
			files = (
				BADAA86C28A4A56500ACF61A /* UiView+borderRadius.swift in Sources */,
				BA11FC0C28A37C0B0042C192 /* AddProdcutVc.swift in Sources */,
				BAFBCE4128A20BB1008F8E19 /* ViewController.swift in Sources */,
				BA11FC0A28A37BD40042C192 /* ProductImgCell.swift in Sources */,
				BA09D06A28A4B85F00E698D6 /* LoginVc.swift in Sources */,
				BAFBCE3D28A20BB1008F8E19 /* AppDelegate.swift in Sources */,
				BAFBCE3F28A20BB1008F8E19 /* SceneDelegate.swift in Sources */,
			);
			runOnlyForDeploymentPostprocessing = 0;
		};
/* End PBXSourcesBuildPhase section */

/* Begin PBXVariantGroup section */
		BAFBCE4228A20BB1008F8E19 /* Main.storyboard */ = {
			isa = PBXVariantGroup;
			children = (
				BAFBCE4328A20BB1008F8E19 /* Base */,
			);
			name = Main.storyboard;
			sourceTree = "<group>";
		};
		BAFBCE4728A20BB2008F8E19 /* LaunchScreen.storyboard */ = {
			isa = PBXVariantGroup;
			children = (
				BAFBCE4828A20BB2008F8E19 /* Base */,
			);
			name = LaunchScreen.storyboard;
			sourceTree = "<group>";
		};
/* End PBXVariantGroup section */

/* Begin XCBuildConfiguration section */
		BAFBCE4B28A20BB2008F8E19 /* Debug */ = {
			isa = XCBuildConfiguration;
			buildSettings = {
				ALWAYS_SEARCH_USER_PATHS = NO;
				CLANG_ANALYZER_NONNULL = YES;
				CLANG_ANALYZER_NUMBER_OBJECT_CONVERSION = YES_AGGRESSIVE;
				CLANG_CXX_LANGUAGE_STANDARD = "gnu++14";
				CLANG_CXX_LIBRARY = "libc++";
				CLANG_ENABLE_MODULES = YES;
				CLANG_ENABLE_OBJC_ARC = YES;
				CLANG_ENABLE_OBJC_WEAK = YES;
				CLANG_WARN_BLOCK_CAPTURE_AUTORELEASING = YES;
				CLANG_WARN_BOOL_CONVERSION = YES;
				CLANG_WARN_COMMA = YES;
				CLANG_WARN_CONSTANT_CONVERSION = YES;
				CLANG_WARN_DEPRECATED_OBJC_IMPLEMENTATIONS = YES;
				CLANG_WARN_DIRECT_OBJC_ISA_USAGE = YES_ERROR;
				CLANG_WARN_DOCUMENTATION_COMMENTS = YES;
				CLANG_WARN_EMPTY_BODY = YES;
				CLANG_WARN_ENUM_CONVERSION = YES;
				CLANG_WARN_INFINITE_RECURSION = YES;
				CLANG_WARN_INT_CONVERSION = YES;
				CLANG_WARN_NON_LITERAL_NULL_CONVERSION = YES;
				CLANG_WARN_OBJC_IMPLICIT_RETAIN_SELF = YES;
				CLANG_WARN_OBJC_LITERAL_CONVERSION = YES;
				CLANG_WARN_OBJC_ROOT_CLASS = YES_ERROR;
				CLANG_WARN_QUOTED_INCLUDE_IN_FRAMEWORK_HEADER = YES;
				CLANG_WARN_RANGE_LOOP_ANALYSIS = YES;
				CLANG_WARN_STRICT_PROTOTYPES = YES;
				CLANG_WARN_SUSPICIOUS_MOVE = YES;
				CLANG_WARN_UNGUARDED_AVAILABILITY = YES_AGGRESSIVE;
				CLANG_WARN_UNREACHABLE_CODE = YES;
				CLANG_WARN__DUPLICATE_METHOD_MATCH = YES;
				COPY_PHASE_STRIP = NO;
				DEBUG_INFORMATION_FORMAT = dwarf;
				ENABLE_STRICT_OBJC_MSGSEND = YES;
				ENABLE_TESTABILITY = YES;
				GCC_C_LANGUAGE_STANDARD = gnu11;
				GCC_DYNAMIC_NO_PIC = NO;
				GCC_NO_COMMON_BLOCKS = YES;
				GCC_OPTIMIZATION_LEVEL = 0;
				GCC_PREPROCESSOR_DEFINITIONS = (
					"DEBUG=1",
					"$(inherited)",
				);
				GCC_WARN_64_TO_32_BIT_CONVERSION = YES;
				GCC_WARN_ABOUT_RETURN_TYPE = YES_ERROR;
				GCC_WARN_UNDECLARED_SELECTOR = YES;
				GCC_WARN_UNINITIALIZED_AUTOS = YES_AGGRESSIVE;
				GCC_WARN_UNUSED_FUNCTION = YES;
				GCC_WARN_UNUSED_VARIABLE = YES;
				IPHONEOS_DEPLOYMENT_TARGET = 14.5;
				MTL_ENABLE_DEBUG_INFO = INCLUDE_SOURCE;
				MTL_FAST_MATH = YES;
				ONLY_ACTIVE_ARCH = YES;
				SDKROOT = iphoneos;
				SWIFT_ACTIVE_COMPILATION_CONDITIONS = DEBUG;
				SWIFT_OPTIMIZATION_LEVEL = "-Onone";
			};
			name = Debug;
		};
		BAFBCE4C28A20BB2008F8E19 /* Release */ = {
			isa = XCBuildConfiguration;
			buildSettings = {
				ALWAYS_SEARCH_USER_PATHS = NO;
				CLANG_ANALYZER_NONNULL = YES;
				CLANG_ANALYZER_NUMBER_OBJECT_CONVERSION = YES_AGGRESSIVE;
				CLANG_CXX_LANGUAGE_STANDARD = "gnu++14";
				CLANG_CXX_LIBRARY = "libc++";
				CLANG_ENABLE_MODULES = YES;
				CLANG_ENABLE_OBJC_ARC = YES;
				CLANG_ENABLE_OBJC_WEAK = YES;
				CLANG_WARN_BLOCK_CAPTURE_AUTORELEASING = YES;
				CLANG_WARN_BOOL_CONVERSION = YES;
				CLANG_WARN_COMMA = YES;
				CLANG_WARN_CONSTANT_CONVERSION = YES;
				CLANG_WARN_DEPRECATED_OBJC_IMPLEMENTATIONS = YES;
				CLANG_WARN_DIRECT_OBJC_ISA_USAGE = YES_ERROR;
				CLANG_WARN_DOCUMENTATION_COMMENTS = YES;
				CLANG_WARN_EMPTY_BODY = YES;
				CLANG_WARN_ENUM_CONVERSION = YES;
				CLANG_WARN_INFINITE_RECURSION = YES;
				CLANG_WARN_INT_CONVERSION = YES;
				CLANG_WARN_NON_LITERAL_NULL_CONVERSION = YES;
				CLANG_WARN_OBJC_IMPLICIT_RETAIN_SELF = YES;
				CLANG_WARN_OBJC_LITERAL_CONVERSION = YES;
				CLANG_WARN_OBJC_ROOT_CLASS = YES_ERROR;
				CLANG_WARN_QUOTED_INCLUDE_IN_FRAMEWORK_HEADER = YES;
				CLANG_WARN_RANGE_LOOP_ANALYSIS = YES;
				CLANG_WARN_STRICT_PROTOTYPES = YES;
				CLANG_WARN_SUSPICIOUS_MOVE = YES;
				CLANG_WARN_UNGUARDED_AVAILABILITY = YES_AGGRESSIVE;
				CLANG_WARN_UNREACHABLE_CODE = YES;
				CLANG_WARN__DUPLICATE_METHOD_MATCH = YES;
				COPY_PHASE_STRIP = NO;
				DEBUG_INFORMATION_FORMAT = "dwarf-with-dsym";
				ENABLE_NS_ASSERTIONS = NO;
				ENABLE_STRICT_OBJC_MSGSEND = YES;
				GCC_C_LANGUAGE_STANDARD = gnu11;
				GCC_NO_COMMON_BLOCKS = YES;
				GCC_WARN_64_TO_32_BIT_CONVERSION = YES;
				GCC_WARN_ABOUT_RETURN_TYPE = YES_ERROR;
				GCC_WARN_UNDECLARED_SELECTOR = YES;
				GCC_WARN_UNINITIALIZED_AUTOS = YES_AGGRESSIVE;
				GCC_WARN_UNUSED_FUNCTION = YES;
				GCC_WARN_UNUSED_VARIABLE = YES;
				IPHONEOS_DEPLOYMENT_TARGET = 14.5;
				MTL_ENABLE_DEBUG_INFO = NO;
				MTL_FAST_MATH = YES;
				SDKROOT = iphoneos;
				SWIFT_COMPILATION_MODE = wholemodule;
				SWIFT_OPTIMIZATION_LEVEL = "-O";
				VALIDATE_PRODUCT = YES;
			};
			name = Release;
		};
		BAFBCE4E28A20BB2008F8E19 /* Debug */ = {
			isa = XCBuildConfiguration;
			buildSettings = {
				ASSETCATALOG_COMPILER_APPICON_NAME = AppIcon;
				ASSETCATALOG_COMPILER_GLOBAL_ACCENT_COLOR_NAME = AccentColor;
				CODE_SIGN_STYLE = Automatic;
				INFOPLIST_FILE = adam.ai/Info.plist;
				LD_RUNPATH_SEARCH_PATHS = (
					"$(inherited)",
					"@executable_path/Frameworks",
				);
				PRODUCT_BUNDLE_IDENTIFIER = "com.mazen.adam-ai";
				PRODUCT_NAME = "$(TARGET_NAME)";
				SWIFT_VERSION = 5.0;
				TARGETED_DEVICE_FAMILY = "1,2";
			};
			name = Debug;
		};
		BAFBCE4F28A20BB2008F8E19 /* Release */ = {
			isa = XCBuildConfiguration;
			buildSettings = {
				ASSETCATALOG_COMPILER_APPICON_NAME = AppIcon;
				ASSETCATALOG_COMPILER_GLOBAL_ACCENT_COLOR_NAME = AccentColor;
				CODE_SIGN_STYLE = Automatic;
				INFOPLIST_FILE = adam.ai/Info.plist;
				LD_RUNPATH_SEARCH_PATHS = (
					"$(inherited)",
					"@executable_path/Frameworks",
				);
				PRODUCT_BUNDLE_IDENTIFIER = "com.mazen.adam-ai";
				PRODUCT_NAME = "$(TARGET_NAME)";
				SWIFT_VERSION = 5.0;
				TARGETED_DEVICE_FAMILY = "1,2";
			};
			name = Release;
		};
/* End XCBuildConfiguration section */

/* Begin XCConfigurationList section */
		BAFBCE3428A20BB1008F8E19 /* Build configuration list for PBXProject "adam.ai" */ = {
			isa = XCConfigurationList;
			buildConfigurations = (
				BAFBCE4B28A20BB2008F8E19 /* Debug */,
				BAFBCE4C28A20BB2008F8E19 /* Release */,
			);
			defaultConfigurationIsVisible = 0;
			defaultConfigurationName = Release;
		};
		BAFBCE4D28A20BB2008F8E19 /* Build configuration list for PBXNativeTarget "adam.ai" */ = {
			isa = XCConfigurationList;
			buildConfigurations = (
				BAFBCE4E28A20BB2008F8E19 /* Debug */,
				BAFBCE4F28A20BB2008F8E19 /* Release */,
			);
			defaultConfigurationIsVisible = 0;
			defaultConfigurationName = Release;
		};
/* End XCConfigurationList section */
	};
	rootObject = BAFBCE3128A20BB1008F8E19 /* Project object */;
}
